<?xml version="1.0" encoding="utf-8"?>
<Project ToolsVersion="4.0" xmlns="http://schemas.microsoft.com/developer/msbuild/2003">
  <ItemGroup>
    <Filter Include="Source Files">
      <UniqueIdentifier>{4FC737F1-C7A5-4376-A066-2A32D752A2FF}</UniqueIdentifier>
      <Extensions>cpp;c;cc;cxx;def;odl;idl;hpj;bat;asm;asmx</Extensions>
    </Filter>
    <Filter Include="Header Files">
      <UniqueIdentifier>{93995380-89BD-4b04-88EB-625FBE52EBFB}</UniqueIdentifier>
      <Extensions>h;hh;hpp;hxx;hm;inl;inc;xsd</Extensions>
    </Filter>
    <Filter Include="External Files">
      <UniqueIdentifier>{9e7943e5-31b9-4f48-b5d1-2daa835fed6e}</UniqueIdentifier>
    </Filter>
    <Filter Include="External Files\Headers">
      <UniqueIdentifier>{1f631b4f-a22e-4477-b698-b8038b8c2b27}</UniqueIdentifier>
    </Filter>
    <Filter Include="External Files\Source Files">
      <UniqueIdentifier>{6e3cf6f9-1520-45a4-9cb7-f4f7778a91e8}</UniqueIdentifier>
    </Filter>
  </ItemGroup>
  <ItemGroup>
    <Text Include="ReadMe.txt" />
  </ItemGroup>
  <ItemGroup>
    <ClInclude Include="stdafx.h">
      <Filter>Header Files</Filter>
    </ClInclude>
    <ClInclude Include="Connection.h">
      <Filter>Header Files</Filter>
    </ClInclude>
    <ClInclude Include="Tools.h">
      <Filter>Header Files</Filter>
    </ClInclude>
    <ClInclude Include="Machine_info.h">
      <Filter>Header Files</Filter>
    </ClInclude>
    <ClInclude Include="Bot_version.h">
      <Filter>Header Files</Filter>
    </ClInclude>
    <ClInclude Include="MXBot.h">
      <Filter>Header Files</Filter>
    </ClInclude>
    <ClInclude Include="Command.h">
      <Filter>Header Files</Filter>
    </ClInclude>
    <ClInclude Include="SHA256.h">
      <Filter>External Files\Headers</Filter>
    </ClInclude>
    <ClInclude Include="Installation.h">
      <Filter>Header Files</Filter>
    </ClInclude>
    <ClInclude Include="BypassKIT.h">
      <Filter>Header Files</Filter>
    </ClInclude>
    <ClInclude Include="Strings.h">
      <Filter>Header Files</Filter>
    </ClInclude>
    <ClInclude Include="FunctionHooks.h">
      <Filter>Header Files</Filter>
    </ClInclude>
  </ItemGroup>
  <ItemGroup>
    <ClCompile Include="stdafx.cpp">
      <Filter>Source Files</Filter>
    </ClCompile>
    <ClCompile Include="xbot.cpp">
      <Filter>Source Files</Filter>
    </ClCompile>
    <ClCompile Include="Connection.cpp">
      <Filter>Source Files</Filter>
    </ClCompile>
    <ClCompile Include="Machine_info.cpp">
      <Filter>Source Files</Filter>
    </ClCompile>
    <ClCompile Include="MXBot.cpp">
      <Filter>Source Files</Filter>
    </ClCompile>
    <ClCompile Include="Command.cpp">
      <Filter>Source Files</Filter>
    </ClCompile>
    <ClCompile Include="SHA256.cpp">
      <Filter>External Files\Source Files</Filter>
    </ClCompile>
    <ClCompile Include="Installation.cpp">
      <Filter>Source Files</Filter>
    </ClCompile>
    <ClCompile Include="BypassKIT.cpp">
      <Filter>Source Files</Filter>
    </ClCompile>
  </ItemGroup>
  <ItemGroup>
    <None Include="packages.config" />
    <None Include="ClassDiagram.cd" />
  </ItemGroup>
</Project>